
Microsoft Visual Studio Solution File, Format Version 12.00
# Visual Studio Version 17
VisualStudioVersion = 17.8.34330.188
MinimumVisualStudioVersion = 10.0.40219.1
Project("{9A19103F-16F7-4668-BE54-9A1E7A4F7556}") = "01_TempleOfDoom", "01_TempleOfDoom\01_TempleOfDoom.csproj", "{0B80D912-5F8F-4A9C-903F-A16818F8809B}"
EndProject
Project("{9A19103F-16F7-4668-BE54-9A1E7A4F7556}") = "AutomotiveRepairShop", "AutomotiveRepairShop\AutomotiveRepairShop.csproj", "{643269C5-2665-4F20-BA7B-2B3BF89D042C}"
EndProject
Project("{FAE04EC0-301F-11D3-BF4B-00C04F79EFBC}") = "02_MouseInTheKitchen", "02_MouseInTheKitchen\02_MouseInTheKitchen.csproj", "{FD611F26-C693-4EFB-8474-11DF9BC0B85E}"
EndProject
Project("{FAE04EC0-301F-11D3-BF4B-00C04F79EFBC}") = "02_MouseInTheKitchen-v2", "02_MouseInTheKitchen-v2\02_MouseInTheKitchen-v2.csproj", "{618CC59B-ABDF-41FE-9DBD-DC30DDDBABF6}"
EndProject
Project("{FAE04EC0-301F-11D3-BF4B-00C04F79EFBC}") = "matrix-methods", "matrix-methods\matrix-methods.csproj", "{B3136115-226A-4D01-B794-2DC684F9FB67}"
EndProject
Global
	GlobalSection(SolutionConfigurationPlatforms) = preSolution
		Debug|Any CPU = Debug|Any CPU
		Release|Any CPU = Release|Any CPU
	EndGlobalSection
	GlobalSection(ProjectConfigurationPlatforms) = postSolution
		{0B80D912-5F8F-4A9C-903F-A16818F8809B}.Debug|Any CPU.ActiveCfg = Debug|Any CPU
		{0B80D912-5F8F-4A9C-903F-A16818F8809B}.Debug|Any CPU.Build.0 = Debug|Any CPU
		{0B80D912-5F8F-4A9C-903F-A16818F8809B}.Release|Any CPU.ActiveCfg = Release|Any CPU
		{0B80D912-5F8F-4A9C-903F-A16818F8809B}.Release|Any CPU.Build.0 = Release|Any CPU
		{643269C5-2665-4F20-BA7B-2B3BF89D042C}.Debug|Any CPU.ActiveCfg = Debug|Any CPU
		{643269C5-2665-4F20-BA7B-2B3BF89D042C}.Debug|Any CPU.Build.0 = Debug|Any CPU
		{643269C5-2665-4F20-BA7B-2B3BF89D042C}.Release|Any CPU.ActiveCfg = Release|Any CPU
		{643269C5-2665-4F20-BA7B-2B3BF89D042C}.Release|Any CPU.Build.0 = Release|Any CPU
		{FD611F26-C693-4EFB-8474-11DF9BC0B85E}.Debug|Any CPU.ActiveCfg = Debug|Any CPU
		{FD611F26-C693-4EFB-8474-11DF9BC0B85E}.Debug|Any CPU.Build.0 = Debug|Any CPU
		{FD611F26-C693-4EFB-8474-11DF9BC0B85E}.Release|Any CPU.ActiveCfg = Release|Any CPU
		{FD611F26-C693-4EFB-8474-11DF9BC0B85E}.Release|Any CPU.Build.0 = Release|Any CPU
		{618CC59B-ABDF-41FE-9DBD-DC30DDDBABF6}.Debug|Any CPU.ActiveCfg = Debug|Any CPU
		{618CC59B-ABDF-41FE-9DBD-DC30DDDBABF6}.Debug|Any CPU.Build.0 = Debug|Any CPU
		{618CC59B-ABDF-41FE-9DBD-DC30DDDBABF6}.Release|Any CPU.ActiveCfg = Release|Any CPU
		{618CC59B-ABDF-41FE-9DBD-DC30DDDBABF6}.Release|Any CPU.Build.0 = Release|Any CPU
		{B3136115-226A-4D01-B794-2DC684F9FB67}.Debug|Any CPU.ActiveCfg = Debug|Any CPU
		{B3136115-226A-4D01-B794-2DC684F9FB67}.Debug|Any CPU.Build.0 = Debug|Any CPU
		{B3136115-226A-4D01-B794-2DC684F9FB67}.Release|Any CPU.ActiveCfg = Release|Any CPU
		{B3136115-226A-4D01-B794-2DC684F9FB67}.Release|Any CPU.Build.0 = Release|Any CPU
	EndGlobalSection
	GlobalSection(SolutionProperties) = preSolution
		HideSolutionNode = FALSE
	EndGlobalSection
	GlobalSection(ExtensibilityGlobals) = postSolution
		SolutionGuid = {0C990C33-56E7-41C2-9982-1AD3935A55EB}
	EndGlobalSection
EndGlobal
